
Microsoft Visual Studio Solution File, Format Version 12.00
# Visual Studio 15
VisualStudioVersion = 15.0.27130.2027
MinimumVisualStudioVersion = 10.0.40219.1
Project("{FAE04EC0-301F-11D3-BF4B-00C04F79EFBC}") = "FDconverterUI", "FDconverterUI\FDconverterUI.csproj", "{2750DB82-C95D-4FA8-A8BF-75D3C4D91C81}"
EndProject
Project("{8BC9CEB8-8B4A-11D0-8D11-00A0C91BC942}") = "FDconverterCLI", "FDconverterCLI\FDconverterCLI.vcxproj", "{1AF87795-F282-4CBD-B1E4-7D454C57B43B}"
EndProject
Project("{8BC9CEB8-8B4A-11D0-8D11-00A0C91BC942}") = "FDConverter", "FDConverter\FDConverter.vcxproj", "{DB5B99F0-CD9B-4B37-951D-A418C54AFCD9}"
EndProject
Global
	GlobalSection(SolutionConfigurationPlatforms) = preSolution
		Debug|Any CPU = Debug|Any CPU
		Debug|x64 = Debug|x64
		Release|Any CPU = Release|Any CPU
		Release|x64 = Release|x64
	EndGlobalSection
	GlobalSection(ProjectConfigurationPlatforms) = postSolution
		{2750DB82-C95D-4FA8-A8BF-75D3C4D91C81}.Debug|Any CPU.ActiveCfg = Debug|Any CPU
		{2750DB82-C95D-4FA8-A8BF-75D3C4D91C81}.Debug|Any CPU.Build.0 = Debug|Any CPU
		{2750DB82-C95D-4FA8-A8BF-75D3C4D91C81}.Debug|x64.ActiveCfg = Debug|Any CPU
		{2750DB82-C95D-4FA8-A8BF-75D3C4D91C81}.Debug|x64.Build.0 = Debug|Any CPU
		{2750DB82-C95D-4FA8-A8BF-75D3C4D91C81}.Release|Any CPU.ActiveCfg = Release|Any CPU
		{2750DB82-C95D-4FA8-A8BF-75D3C4D91C81}.Release|Any CPU.Build.0 = Release|Any CPU
		{2750DB82-C95D-4FA8-A8BF-75D3C4D91C81}.Release|x64.ActiveCfg = Release|Any CPU
		{2750DB82-C95D-4FA8-A8BF-75D3C4D91C81}.Release|x64.Build.0 = Release|Any CPU
		{1AF87795-F282-4CBD-B1E4-7D454C57B43B}.Debug|Any CPU.ActiveCfg = Debug|x64
		{1AF87795-F282-4CBD-B1E4-7D454C57B43B}.Debug|Any CPU.Build.0 = Debug|x64
		{1AF87795-F282-4CBD-B1E4-7D454C57B43B}.Debug|x64.ActiveCfg = Debug|x64
		{1AF87795-F282-4CBD-B1E4-7D454C57B43B}.Debug|x64.Build.0 = Debug|x64
		{1AF87795-F282-4CBD-B1E4-7D454C57B43B}.Release|Any CPU.ActiveCfg = Release|x64
		{1AF87795-F282-4CBD-B1E4-7D454C57B43B}.Release|Any CPU.Build.0 = Release|x64
		{1AF87795-F282-4CBD-B1E4-7D454C57B43B}.Release|x64.ActiveCfg = Release|x64
		{1AF87795-F282-4CBD-B1E4-7D454C57B43B}.Release|x64.Build.0 = Release|x64
		{DB5B99F0-CD9B-4B37-951D-A418C54AFCD9}.Debug|Any CPU.ActiveCfg = Debug|x64
		{DB5B99F0-CD9B-4B37-951D-A418C54AFCD9}.Debug|x64.ActiveCfg = Debug|x64
		{DB5B99F0-CD9B-4B37-951D-A418C54AFCD9}.Debug|x64.Build.0 = Debug|x64
		{DB5B99F0-CD9B-4B37-951D-A418C54AFCD9}.Release|Any CPU.ActiveCfg = Release|x64
		{DB5B99F0-CD9B-4B37-951D-A418C54AFCD9}.Release|x64.ActiveCfg = Release|x64
		{DB5B99F0-CD9B-4B37-951D-A418C54AFCD9}.Release|x64.Build.0 = Release|x64
	EndGlobalSection
	GlobalSection(SolutionProperties) = preSolution
		HideSolutionNode = FALSE
	EndGlobalSection
	GlobalSection(ExtensibilityGlobals) = postSolution
		SolutionGuid = {33659F42-3E3D-43B4-A94A-2A36C3BA2511}
	EndGlobalSection
EndGlobal
