
Microsoft Visual Studio Solution File, Format Version 12.00
# Visual Studio 15
VisualStudioVersion = 15.0.27130.2027
MinimumVisualStudioVersion = 10.0.40219.1
Project("{FAE04EC0-301F-11D3-BF4B-00C04F79EFBC}") = "FDconverterUI", "FDconverterUI\FDconverterUI.csproj", "{2750DB82-C95D-4FA8-A8BF-75D3C4D91C81}"
EndProject
Global
	GlobalSection(SolutionConfigurationPlatforms) = preSolution
		Debug|Any CPU = Debug|Any CPU
		Release|Any CPU = Release|Any CPU
	EndGlobalSection
	GlobalSection(ProjectConfigurationPlatforms) = postSolution
		{2750DB82-C95D-4FA8-A8BF-75D3C4D91C81}.Debug|Any CPU.ActiveCfg = Debug|Any CPU
		{2750DB82-C95D-4FA8-A8BF-75D3C4D91C81}.Debug|Any CPU.Build.0 = Debug|Any CPU
		{2750DB82-C95D-4FA8-A8BF-75D3C4D91C81}.Release|Any CPU.ActiveCfg = Release|Any CPU
		{2750DB82-C95D-4FA8-A8BF-75D3C4D91C81}.Release|Any CPU.Build.0 = Release|Any CPU
	EndGlobalSection
	GlobalSection(SolutionProperties) = preSolution
		HideSolutionNode = FALSE
	EndGlobalSection
	GlobalSection(ExtensibilityGlobals) = postSolution
		SolutionGuid = {33659F42-3E3D-43B4-A94A-2A36C3BA2511}
	EndGlobalSection
EndGlobal
